
Microsoft Visual Studio Solution File, Format Version 12.00
# Visual Studio Version 17
VisualStudioVersion = 17.0.32112.339
MinimumVisualStudioVersion = 10.0.40219.1
Project("{9A19103F-16F7-4668-BE54-9A1E7A4F7556}") = "AutoHook", "AutoHook\AutoHook.csproj", "{B00DE705-685B-4CAD-AEC1-37BA94BD537D}"
EndProject
Global
	GlobalSection(SolutionConfigurationPlatforms) = preSolution
		Debug|x64 = Debug|x64
		Release|x64 = Release|x64
	EndGlobalSection
	GlobalSection(ProjectConfigurationPlatforms) = postSolution
		{B00DE705-685B-4CAD-AEC1-37BA94BD537D}.Debug|x64.ActiveCfg = Debug|x64
		{B00DE705-685B-4CAD-AEC1-37BA94BD537D}.Debug|x64.Build.0 = Debug|x64
		{B00DE705-685B-4CAD-AEC1-37BA94BD537D}.Release|x64.ActiveCfg = Release|x64
		{B00DE705-685B-4CAD-AEC1-37BA94BD537D}.Release|x64.Build.0 = Release|x64
	EndGlobalSection
	GlobalSection(SolutionProperties) = preSolution
		HideSolutionNode = FALSE
	EndGlobalSection
	GlobalSection(ExtensibilityGlobals) = postSolution
		SolutionGuid = {8BCE7152-3829-4975-A314-A29987BE3DE9}
	EndGlobalSection
EndGlobal
